Microsoft Visual Studio Solution File, Format Version 12.00
# Visual Studio Version 18
VisualStudioVersion = 18.3.11512.155
MinimumVisualStudioVersion = 10.0.40219.1
Project("{FAE04EC0-301F-11D3-BF4B-00C04F79EFBC}") = "ActDim.Practix.Abstractions", "ActDim.Practix.Abstractions\ActDim.Practix.Abstractions.csproj", "{BE6A6850-1C2F-A3DB-85C6-F8337DFABD8C}"
EndProject
Project("{FAE04EC0-301F-11D3-BF4B-00C04F79EFBC}") = "ActDim.Practix.Common", "ActDim.Practix.Common\ActDim.Practix.Common.csproj", "{13B4A113-EDBC-B72F-620E-AC783A90D184}"
EndProject
Project("{FAE04EC0-301F-11D3-BF4B-00C04F79EFBC}") = "ActDim.Practix.Service", "ActDim.Practix.Service\ActDim.Practix.Service.csproj", "{11EB72B9-3999-E746-6AB5-FCDB94231F10}"
EndProject
Project("{2150E333-8FDC-42A3-9474-1A3956D46DE8}") = "Tests", "Tests", "{3EAC4A48-0970-4850-81DD-D331F357F78D}"
EndProject
Project("{FAE04EC0-301F-11D3-BF4B-00C04F79EFBC}") = "ActDim.Practix.Common.Tests", "Tests\Common.Tests\ActDim.Practix.Common.Tests.csproj", "{E853C833-46F9-BD75-619E-FA66027CF6F7}"
EndProject
Project("{FAE04EC0-301F-11D3-BF4B-00C04F79EFBC}") = "ActDim.Practix.Observability", "ActDim.Practix.Observability\ActDim.Practix.Observability.csproj", "{F353914E-0A51-ED63-A13A-6B1F6655C50A}"
EndProject
Project("{FAE04EC0-301F-11D3-BF4B-00C04F79EFBC}") = "ActDim.Practix.TypeAccess", "ActDim.Practix.TypeAccess\ActDim.Practix.TypeAccess.csproj", "{999EBF4A-EB87-9610-4258-A34248796026}"
EndProject
Project("{FAE04EC0-301F-11D3-BF4B-00C04F79EFBC}") = "ActDim.Practix.TypeAccess.Tests", "Tests\TypeAccess.Tests\ActDim.Practix.TypeAccess.Tests.csproj", "{DF47E315-23B3-8E5E-6ED2-D2CF8588B9A8}"
EndProject
Project("{FAE04EC0-301F-11D3-BF4B-00C04F79EFBC}") = "ActDim.Practix.BlobManager", "ActDim.Practix.BlobManager\ActDim.Practix.BlobManager.csproj", "{57ED431C-9445-4F39-D499-63A7A1362585}"
EndProject
Project("{FAE04EC0-301F-11D3-BF4B-00C04F79EFBC}") = "ActDim.Practix.BlobManager.Tests", "Tests\BlobManager.Tests\ActDim.Practix.BlobManager.Tests.csproj", "{CEE7890B-F6CD-05FA-D9C3-1823AB3737A0}"
EndProject
Project("{FAE04EC0-301F-11D3-BF4B-00C04F79EFBC}") = "ActDim.Practix.Observability.Tests", "Tests\Observability.Tests\ActDim.Practix.Observability.Tests.csproj", "{8B158740-FEF4-4475-B0BE-557273CA8754}"
EndProject
Global
	GlobalSection(SolutionConfigurationPlatforms) = preSolution
		Debug|Any CPU = Debug|Any CPU
		Debug|x64 = Debug|x64
		Debug|x86 = Debug|x86
		Release|Any CPU = Release|Any CPU
		Release|x64 = Release|x64
		Release|x86 = Release|x86
	EndGlobalSection
	GlobalSection(ProjectConfigurationPlatforms) = postSolution
		{BE6A6850-1C2F-A3DB-85C6-F8337DFABD8C}.Debug|Any CPU.ActiveCfg = Debug|Any CPU
		{BE6A6850-1C2F-A3DB-85C6-F8337DFABD8C}.Debug|Any CPU.Build.0 = Debug|Any CPU
		{BE6A6850-1C2F-A3DB-85C6-F8337DFABD8C}.Debug|x64.ActiveCfg = Debug|Any CPU
		{BE6A6850-1C2F-A3DB-85C6-F8337DFABD8C}.Debug|x64.Build.0 = Debug|Any CPU
		{BE6A6850-1C2F-A3DB-85C6-F8337DFABD8C}.Debug|x86.ActiveCfg = Debug|Any CPU
		{BE6A6850-1C2F-A3DB-85C6-F8337DFABD8C}.Debug|x86.Build.0 = Debug|Any CPU
		{BE6A6850-1C2F-A3DB-85C6-F8337DFABD8C}.Release|Any CPU.ActiveCfg = Release|Any CPU
		{BE6A6850-1C2F-A3DB-85C6-F8337DFABD8C}.Release|Any CPU.Build.0 = Release|Any CPU
		{BE6A6850-1C2F-A3DB-85C6-F8337DFABD8C}.Release|x64.ActiveCfg = Release|Any CPU
		{BE6A6850-1C2F-A3DB-85C6-F8337DFABD8C}.Release|x64.Build.0 = Release|Any CPU
		{BE6A6850-1C2F-A3DB-85C6-F8337DFABD8C}.Release|x86.ActiveCfg = Release|Any CPU
		{BE6A6850-1C2F-A3DB-85C6-F8337DFABD8C}.Release|x86.Build.0 = Release|Any CPU
		{13B4A113-EDBC-B72F-620E-AC783A90D184}.Debug|Any CPU.ActiveCfg = Debug|Any CPU
		{13B4A113-EDBC-B72F-620E-AC783A90D184}.Debug|Any CPU.Build.0 = Debug|Any CPU
		{13B4A113-EDBC-B72F-620E-AC783A90D184}.Debug|x64.ActiveCfg = Debug|Any CPU
		{13B4A113-EDBC-B72F-620E-AC783A90D184}.Debug|x64.Build.0 = Debug|Any CPU
		{13B4A113-EDBC-B72F-620E-AC783A90D184}.Debug|x86.ActiveCfg = Debug|Any CPU
		{13B4A113-EDBC-B72F-620E-AC783A90D184}.Debug|x86.Build.0 = Debug|Any CPU
		{13B4A113-EDBC-B72F-620E-AC783A90D184}.Release|Any CPU.ActiveCfg = Release|Any CPU
		{13B4A113-EDBC-B72F-620E-AC783A90D184}.Release|Any CPU.Build.0 = Release|Any CPU
		{13B4A113-EDBC-B72F-620E-AC783A90D184}.Release|x64.ActiveCfg = Release|Any CPU
		{13B4A113-EDBC-B72F-620E-AC783A90D184}.Release|x64.Build.0 = Release|Any CPU
		{13B4A113-EDBC-B72F-620E-AC783A90D184}.Release|x86.ActiveCfg = Release|Any CPU
		{13B4A113-EDBC-B72F-620E-AC783A90D184}.Release|x86.Build.0 = Release|Any CPU
		{11EB72B9-3999-E746-6AB5-FCDB94231F10}.Debug|Any CPU.ActiveCfg = Debug|Any CPU
		{11EB72B9-3999-E746-6AB5-FCDB94231F10}.Debug|Any CPU.Build.0 = Debug|Any CPU
		{11EB72B9-3999-E746-6AB5-FCDB94231F10}.Debug|x64.ActiveCfg = Debug|Any CPU
		{11EB72B9-3999-E746-6AB5-FCDB94231F10}.Debug|x64.Build.0 = Debug|Any CPU
		{11EB72B9-3999-E746-6AB5-FCDB94231F10}.Debug|x86.ActiveCfg = Debug|Any CPU
		{11EB72B9-3999-E746-6AB5-FCDB94231F10}.Debug|x86.Build.0 = Debug|Any CPU
		{11EB72B9-3999-E746-6AB5-FCDB94231F10}.Release|Any CPU.ActiveCfg = Release|Any CPU
		{11EB72B9-3999-E746-6AB5-FCDB94231F10}.Release|Any CPU.Build.0 = Release|Any CPU
		{11EB72B9-3999-E746-6AB5-FCDB94231F10}.Release|x64.ActiveCfg = Release|Any CPU
		{11EB72B9-3999-E746-6AB5-FCDB94231F10}.Release|x64.Build.0 = Release|Any CPU
		{11EB72B9-3999-E746-6AB5-FCDB94231F10}.Release|x86.ActiveCfg = Release|Any CPU
		{11EB72B9-3999-E746-6AB5-FCDB94231F10}.Release|x86.Build.0 = Release|Any CPU
		{E853C833-46F9-BD75-619E-FA66027CF6F7}.Debug|Any CPU.ActiveCfg = Debug|Any CPU
		{E853C833-46F9-BD75-619E-FA66027CF6F7}.Debug|Any CPU.Build.0 = Debug|Any CPU
		{E853C833-46F9-BD75-619E-FA66027CF6F7}.Debug|x64.ActiveCfg = Debug|Any CPU
		{E853C833-46F9-BD75-619E-FA66027CF6F7}.Debug|x64.Build.0 = Debug|Any CPU
		{E853C833-46F9-BD75-619E-FA66027CF6F7}.Debug|x86.ActiveCfg = Debug|Any CPU
		{E853C833-46F9-BD75-619E-FA66027CF6F7}.Debug|x86.Build.0 = Debug|Any CPU
		{E853C833-46F9-BD75-619E-FA66027CF6F7}.Release|Any CPU.ActiveCfg = Release|Any CPU
		{E853C833-46F9-BD75-619E-FA66027CF6F7}.Release|Any CPU.Build.0 = Release|Any CPU
		{E853C833-46F9-BD75-619E-FA66027CF6F7}.Release|x64.ActiveCfg = Release|Any CPU
		{E853C833-46F9-BD75-619E-FA66027CF6F7}.Release|x64.Build.0 = Release|Any CPU
		{E853C833-46F9-BD75-619E-FA66027CF6F7}.Release|x86.ActiveCfg = Release|Any CPU
		{E853C833-46F9-BD75-619E-FA66027CF6F7}.Release|x86.Build.0 = Release|Any CPU
		{F353914E-0A51-ED63-A13A-6B1F6655C50A}.Debug|Any CPU.ActiveCfg = Debug|Any CPU
		{F353914E-0A51-ED63-A13A-6B1F6655C50A}.Debug|Any CPU.Build.0 = Debug|Any CPU
		{F353914E-0A51-ED63-A13A-6B1F6655C50A}.Debug|x64.ActiveCfg = Debug|Any CPU
		{F353914E-0A51-ED63-A13A-6B1F6655C50A}.Debug|x64.Build.0 = Debug|Any CPU
		{F353914E-0A51-ED63-A13A-6B1F6655C50A}.Debug|x86.ActiveCfg = Debug|Any CPU
		{F353914E-0A51-ED63-A13A-6B1F6655C50A}.Debug|x86.Build.0 = Debug|Any CPU
		{F353914E-0A51-ED63-A13A-6B1F6655C50A}.Release|Any CPU.ActiveCfg = Release|Any CPU
		{F353914E-0A51-ED63-A13A-6B1F6655C50A}.Release|Any CPU.Build.0 = Release|Any CPU
		{F353914E-0A51-ED63-A13A-6B1F6655C50A}.Release|x64.ActiveCfg = Release|Any CPU
		{F353914E-0A51-ED63-A13A-6B1F6655C50A}.Release|x64.Build.0 = Release|Any CPU
		{F353914E-0A51-ED63-A13A-6B1F6655C50A}.Release|x86.ActiveCfg = Release|Any CPU
		{F353914E-0A51-ED63-A13A-6B1F6655C50A}.Release|x86.Build.0 = Release|Any CPU
		{999EBF4A-EB87-9610-4258-A34248796026}.Debug|Any CPU.ActiveCfg = Debug|Any CPU
		{999EBF4A-EB87-9610-4258-A34248796026}.Debug|Any CPU.Build.0 = Debug|Any CPU
		{999EBF4A-EB87-9610-4258-A34248796026}.Debug|x64.ActiveCfg = Debug|Any CPU
		{999EBF4A-EB87-9610-4258-A34248796026}.Debug|x64.Build.0 = Debug|Any CPU
		{999EBF4A-EB87-9610-4258-A34248796026}.Debug|x86.ActiveCfg = Debug|Any CPU
		{999EBF4A-EB87-9610-4258-A34248796026}.Debug|x86.Build.0 = Debug|Any CPU
		{999EBF4A-EB87-9610-4258-A34248796026}.Release|Any CPU.ActiveCfg = Release|Any CPU
		{999EBF4A-EB87-9610-4258-A34248796026}.Release|Any CPU.Build.0 = Release|Any CPU
		{999EBF4A-EB87-9610-4258-A34248796026}.Release|x64.ActiveCfg = Release|Any CPU
		{999EBF4A-EB87-9610-4258-A34248796026}.Release|x64.Build.0 = Release|Any CPU
		{999EBF4A-EB87-9610-4258-A34248796026}.Release|x86.ActiveCfg = Release|Any CPU
		{999EBF4A-EB87-9610-4258-A34248796026}.Release|x86.Build.0 = Release|Any CPU
		{DF47E315-23B3-8E5E-6ED2-D2CF8588B9A8}.Debug|Any CPU.ActiveCfg = Debug|Any CPU
		{DF47E315-23B3-8E5E-6ED2-D2CF8588B9A8}.Debug|Any CPU.Build.0 = Debug|Any CPU
		{DF47E315-23B3-8E5E-6ED2-D2CF8588B9A8}.Debug|x64.ActiveCfg = Debug|Any CPU
		{DF47E315-23B3-8E5E-6ED2-D2CF8588B9A8}.Debug|x64.Build.0 = Debug|Any CPU
		{DF47E315-23B3-8E5E-6ED2-D2CF8588B9A8}.Debug|x86.ActiveCfg = Debug|Any CPU
		{DF47E315-23B3-8E5E-6ED2-D2CF8588B9A8}.Debug|x86.Build.0 = Debug|Any CPU
		{DF47E315-23B3-8E5E-6ED2-D2CF8588B9A8}.Release|Any CPU.ActiveCfg = Release|Any CPU
		{DF47E315-23B3-8E5E-6ED2-D2CF8588B9A8}.Release|Any CPU.Build.0 = Release|Any CPU
		{DF47E315-23B3-8E5E-6ED2-D2CF8588B9A8}.Release|x64.ActiveCfg = Release|Any CPU
		{DF47E315-23B3-8E5E-6ED2-D2CF8588B9A8}.Release|x64.Build.0 = Release|Any CPU
		{DF47E315-23B3-8E5E-6ED2-D2CF8588B9A8}.Release|x86.ActiveCfg = Release|Any CPU
		{DF47E315-23B3-8E5E-6ED2-D2CF8588B9A8}.Release|x86.Build.0 = Release|Any CPU
		{57ED431C-9445-4F39-D499-63A7A1362585}.Debug|Any CPU.ActiveCfg = Debug|Any CPU
		{57ED431C-9445-4F39-D499-63A7A1362585}.Debug|Any CPU.Build.0 = Debug|Any CPU
		{57ED431C-9445-4F39-D499-63A7A1362585}.Debug|x64.ActiveCfg = Debug|Any CPU
		{57ED431C-9445-4F39-D499-63A7A1362585}.Debug|x64.Build.0 = Debug|Any CPU
		{57ED431C-9445-4F39-D499-63A7A1362585}.Debug|x86.ActiveCfg = Debug|Any CPU
		{57ED431C-9445-4F39-D499-63A7A1362585}.Debug|x86.Build.0 = Debug|Any CPU
		{57ED431C-9445-4F39-D499-63A7A1362585}.Release|Any CPU.ActiveCfg = Release|Any CPU
		{57ED431C-9445-4F39-D499-63A7A1362585}.Release|Any CPU.Build.0 = Release|Any CPU
		{57ED431C-9445-4F39-D499-63A7A1362585}.Release|x64.ActiveCfg = Release|Any CPU
		{57ED431C-9445-4F39-D499-63A7A1362585}.Release|x64.Build.0 = Release|Any CPU
		{57ED431C-9445-4F39-D499-63A7A1362585}.Release|x86.ActiveCfg = Release|Any CPU
		{57ED431C-9445-4F39-D499-63A7A1362585}.Release|x86.Build.0 = Release|Any CPU
		{CEE7890B-F6CD-05FA-D9C3-1823AB3737A0}.Debug|Any CPU.ActiveCfg = Debug|x64
		{CEE7890B-F6CD-05FA-D9C3-1823AB3737A0}.Debug|Any CPU.Build.0 = Debug|x64
		{CEE7890B-F6CD-05FA-D9C3-1823AB3737A0}.Debug|x64.ActiveCfg = Debug|Any CPU
		{CEE7890B-F6CD-05FA-D9C3-1823AB3737A0}.Debug|x64.Build.0 = Debug|Any CPU
		{CEE7890B-F6CD-05FA-D9C3-1823AB3737A0}.Debug|x86.ActiveCfg = Debug|Any CPU
		{CEE7890B-F6CD-05FA-D9C3-1823AB3737A0}.Debug|x86.Build.0 = Debug|Any CPU
		{CEE7890B-F6CD-05FA-D9C3-1823AB3737A0}.Release|Any CPU.ActiveCfg = Release|x64
		{CEE7890B-F6CD-05FA-D9C3-1823AB3737A0}.Release|Any CPU.Build.0 = Release|x64
		{CEE7890B-F6CD-05FA-D9C3-1823AB3737A0}.Release|x64.ActiveCfg = Release|Any CPU
		{CEE7890B-F6CD-05FA-D9C3-1823AB3737A0}.Release|x64.Build.0 = Release|Any CPU
		{CEE7890B-F6CD-05FA-D9C3-1823AB3737A0}.Release|x86.ActiveCfg = Release|Any CPU
		{CEE7890B-F6CD-05FA-D9C3-1823AB3737A0}.Release|x86.Build.0 = Release|Any CPU
		{8B158740-FEF4-4475-B0BE-557273CA8754}.Debug|Any CPU.ActiveCfg = Debug|Any CPU
		{8B158740-FEF4-4475-B0BE-557273CA8754}.Debug|Any CPU.Build.0 = Debug|Any CPU
		{8B158740-FEF4-4475-B0BE-557273CA8754}.Debug|x64.ActiveCfg = Debug|Any CPU
		{8B158740-FEF4-4475-B0BE-557273CA8754}.Debug|x64.Build.0 = Debug|Any CPU
		{8B158740-FEF4-4475-B0BE-557273CA8754}.Debug|x86.ActiveCfg = Debug|Any CPU
		{8B158740-FEF4-4475-B0BE-557273CA8754}.Debug|x86.Build.0 = Debug|Any CPU
		{8B158740-FEF4-4475-B0BE-557273CA8754}.Release|Any CPU.ActiveCfg = Release|Any CPU
		{8B158740-FEF4-4475-B0BE-557273CA8754}.Release|Any CPU.Build.0 = Release|Any CPU
		{8B158740-FEF4-4475-B0BE-557273CA8754}.Release|x64.ActiveCfg = Release|Any CPU
		{8B158740-FEF4-4475-B0BE-557273CA8754}.Release|x64.Build.0 = Release|Any CPU
		{8B158740-FEF4-4475-B0BE-557273CA8754}.Release|x86.ActiveCfg = Release|Any CPU
		{8B158740-FEF4-4475-B0BE-557273CA8754}.Release|x86.Build.0 = Release|Any CPU
	EndGlobalSection
	GlobalSection(SolutionProperties) = preSolution
		HideSolutionNode = FALSE
	EndGlobalSection
	GlobalSection(NestedProjects) = preSolution
		{E853C833-46F9-BD75-619E-FA66027CF6F7} = {3EAC4A48-0970-4850-81DD-D331F357F78D}
		{DF47E315-23B3-8E5E-6ED2-D2CF8588B9A8} = {3EAC4A48-0970-4850-81DD-D331F357F78D}
		{CEE7890B-F6CD-05FA-D9C3-1823AB3737A0} = {3EAC4A48-0970-4850-81DD-D331F357F78D}
		{8B158740-FEF4-4475-B0BE-557273CA8754} = {3EAC4A48-0970-4850-81DD-D331F357F78D}
	EndGlobalSection
	GlobalSection(ExtensibilityGlobals) = postSolution
		SolutionGuid = {16453851-5667-43F9-B443-8199C0A274A0}
	EndGlobalSection
EndGlobal
