
Microsoft Visual Studio Solution File, Format Version 12.00
# Visual Studio Version 18
VisualStudioVersion = 18.3.11512.155
MinimumVisualStudioVersion = 10.0.40219.1
Project("{FAE04EC0-301F-11D3-BF4B-00C04F79EFBC}") = "ActDim.Practix.Abstractions", "ActDim.Practix.Abstractions\ActDim.Practix.Abstractions.csproj", "{BE6A6850-1C2F-A3DB-85C6-F8337DFABD8C}"
EndProject
Project("{FAE04EC0-301F-11D3-BF4B-00C04F79EFBC}") = "ActDim.Practix.Common", "ActDim.Practix.Common\ActDim.Practix.Common.csproj", "{13B4A113-EDBC-B72F-620E-AC783A90D184}"
EndProject
Project("{FAE04EC0-301F-11D3-BF4B-00C04F79EFBC}") = "ActDim.Practix.Service", "ActDim.Practix.Service\ActDim.Practix.Service.csproj", "{11EB72B9-3999-E746-6AB5-FCDB94231F10}"
EndProject
Project("{2150E333-8FDC-42A3-9474-1A3956D46DE8}") = "Tests", "Tests", "{3EAC4A48-0970-4850-81DD-D331F357F78D}"
EndProject
Project("{FAE04EC0-301F-11D3-BF4B-00C04F79EFBC}") = "ActDim.Practix.Common.Tests", "Tests\Common.Tests\ActDim.Practix.Common.Tests.csproj", "{E853C833-46F9-BD75-619E-FA66027CF6F7}"
EndProject
Project("{FAE04EC0-301F-11D3-BF4B-00C04F79EFBC}") = "ActDim.Observability.Tests", "Tests\Observability.Tests\ActDim.Observability.Tests.csproj", "{8B158740-FEF4-4475-B0BE-557273CA8754}"
EndProject
Project("{FAE04EC0-301F-11D3-BF4B-00C04F79EFBC}") = "ActDim.Emitron", "ActDim.Emitron\ActDim.Emitron.csproj", "{FDCFF933-1A8D-4821-808B-C102507A9CBB}"
EndProject
Project("{FAE04EC0-301F-11D3-BF4B-00C04F79EFBC}") = "ActDim.Reflectron", "ActDim.Reflectron\ActDim.Reflectron.csproj", "{32B7F802-D22D-4D30-8FCC-5C54A0357AC0}"
EndProject
Project("{FAE04EC0-301F-11D3-BF4B-00C04F79EFBC}") = "ActDim.Observability", "ActDim.Observability\ActDim.Observability.csproj", "{1954C6C4-21AA-4E4C-94C2-9C43ECE6F38E}"
EndProject
Project("{FAE04EC0-301F-11D3-BF4B-00C04F79EFBC}") = "ActDim.Emitron.Tests", "Tests\Emitron.Tests\ActDim.Emitron.Tests.csproj", "{1B398AE6-EC01-4D9B-A3F9-B36AEBF15004}"
EndProject
Project("{FAE04EC0-301F-11D3-BF4B-00C04F79EFBC}") = "ActDim.Reflectron.Tests", "Tests\Reflectron.Tests\ActDim.Reflectron.Tests.csproj", "{41E22023-C612-4470-9EDD-694B9E0C1118}"
EndProject
Project("{FAE04EC0-301F-11D3-BF4B-00C04F79EFBC}") = "ActDim.Practix.Json", "ActDim.Practix.Json\ActDim.Practix.Json.csproj", "{D36475E8-F2E1-49DC-8E13-660471A3DAA0}"
EndProject
Project("{FAE04EC0-301F-11D3-BF4B-00C04F79EFBC}") = "ActDim.Practix.Json.Tests", "Tests\Json.Tests\ActDim.Practix.Json.Tests.csproj", "{B7F58731-4634-492D-9C9A-87487E8ABC67}"
EndProject
Project("{2150E333-8FDC-42A3-9474-1A3956D46DE8}") = "AppRegistry", "AppRegistry", "{62088B71-64E1-468A-856D-DB2DE665A90D}"
EndProject
Project("{FAE04EC0-301F-11D3-BF4B-00C04F79EFBC}") = "ActDim.AppRegistry.Domain", "AppRegistry\AppRegistry.Domain\ActDim.AppRegistry.Domain.csproj", "{D7CBCB47-CBD5-D071-C90C-C860806D4C35}"
EndProject
Project("{FAE04EC0-301F-11D3-BF4B-00C04F79EFBC}") = "ActDim.AppRegistry.Repo", "AppRegistry\AppRegistry.Repo\ActDim.AppRegistry.Repo.csproj", "{E38D4324-3F25-874E-C105-A5A505371425}"
EndProject
Project("{FAE04EC0-301F-11D3-BF4B-00C04F79EFBC}") = "AppRegistry.Service", "AppRegistry\AppRegistry.Service\AppRegistry.Service.csproj", "{980DDD8B-AE85-4E0A-B28D-E50DE30DF43A}"
EndProject
Project("{FAE04EC0-301F-11D3-BF4B-00C04F79EFBC}") = "ActDim.Three", "ActDim.Three\ActDim.Three.csproj", "{3DB9F3F6-C9B3-41B7-8EC5-1B183DE2FAC2}"
EndProject
Project("{FAE04EC0-301F-11D3-BF4B-00C04F79EFBC}") = "ActDim.BytePath", "ActDim.BytePath\ActDim.BytePath.csproj", "{0B38749A-F937-4F97-8A3E-6C7AD4EFB181}"
EndProject
Project("{FAE04EC0-301F-11D3-BF4B-00C04F79EFBC}") = "ActDim.BytePath.Tests", "Tests\BytePath.Tests\ActDim.BytePath.Tests.csproj", "{51AFFB2D-3331-43F2-AE77-0CA28EFDB2EC}"
EndProject
Project("{FAE04EC0-301F-11D3-BF4B-00C04F79EFBC}") = "ActDim.BytePath.FileSystemStore", "ActDim.BytePath.FileSystemStore\ActDim.BytePath.FileSystemStore.csproj", "{EB2D7A0D-19BE-44CA-B165-7E3769518E2E}"
EndProject
Project("{FAE04EC0-301F-11D3-BF4B-00C04F79EFBC}") = "ActDim.BytePath.SqliteRegistry", "ActDim.BytePath.SqliteRegistry\ActDim.BytePath.SqliteRegistry.csproj", "{2299CF47-0ED2-4086-B19B-0DB99774DC1E}"
EndProject
Project("{FAE04EC0-301F-11D3-BF4B-00C04F79EFBC}") = "ActDim.Practix.RepoDb", "ActDim.Practix.RepoDb\ActDim.Practix.RepoDb.csproj", "{DC6606D7-4D84-42FC-B474-C440D037E0B1}"
EndProject
Global
	GlobalSection(SolutionConfigurationPlatforms) = preSolution
		Debug|Any CPU = Debug|Any CPU
		Debug|x64 = Debug|x64
		Debug|x86 = Debug|x86
		Release|Any CPU = Release|Any CPU
		Release|x64 = Release|x64
		Release|x86 = Release|x86
	EndGlobalSection
	GlobalSection(ProjectConfigurationPlatforms) = postSolution
		{BE6A6850-1C2F-A3DB-85C6-F8337DFABD8C}.Debug|Any CPU.ActiveCfg = Debug|Any CPU
		{BE6A6850-1C2F-A3DB-85C6-F8337DFABD8C}.Debug|Any CPU.Build.0 = Debug|Any CPU
		{BE6A6850-1C2F-A3DB-85C6-F8337DFABD8C}.Debug|x64.ActiveCfg = Debug|Any CPU
		{BE6A6850-1C2F-A3DB-85C6-F8337DFABD8C}.Debug|x64.Build.0 = Debug|Any CPU
		{BE6A6850-1C2F-A3DB-85C6-F8337DFABD8C}.Debug|x86.ActiveCfg = Debug|Any CPU
		{BE6A6850-1C2F-A3DB-85C6-F8337DFABD8C}.Debug|x86.Build.0 = Debug|Any CPU
		{BE6A6850-1C2F-A3DB-85C6-F8337DFABD8C}.Release|Any CPU.ActiveCfg = Release|Any CPU
		{BE6A6850-1C2F-A3DB-85C6-F8337DFABD8C}.Release|Any CPU.Build.0 = Release|Any CPU
		{BE6A6850-1C2F-A3DB-85C6-F8337DFABD8C}.Release|x64.ActiveCfg = Release|Any CPU
		{BE6A6850-1C2F-A3DB-85C6-F8337DFABD8C}.Release|x64.Build.0 = Release|Any CPU
		{BE6A6850-1C2F-A3DB-85C6-F8337DFABD8C}.Release|x86.ActiveCfg = Release|Any CPU
		{BE6A6850-1C2F-A3DB-85C6-F8337DFABD8C}.Release|x86.Build.0 = Release|Any CPU
		{13B4A113-EDBC-B72F-620E-AC783A90D184}.Debug|Any CPU.ActiveCfg = Debug|Any CPU
		{13B4A113-EDBC-B72F-620E-AC783A90D184}.Debug|Any CPU.Build.0 = Debug|Any CPU
		{13B4A113-EDBC-B72F-620E-AC783A90D184}.Debug|x64.ActiveCfg = Debug|Any CPU
		{13B4A113-EDBC-B72F-620E-AC783A90D184}.Debug|x64.Build.0 = Debug|Any CPU
		{13B4A113-EDBC-B72F-620E-AC783A90D184}.Debug|x86.ActiveCfg = Debug|Any CPU
		{13B4A113-EDBC-B72F-620E-AC783A90D184}.Debug|x86.Build.0 = Debug|Any CPU
		{13B4A113-EDBC-B72F-620E-AC783A90D184}.Release|Any CPU.ActiveCfg = Release|Any CPU
		{13B4A113-EDBC-B72F-620E-AC783A90D184}.Release|Any CPU.Build.0 = Release|Any CPU
		{13B4A113-EDBC-B72F-620E-AC783A90D184}.Release|x64.ActiveCfg = Release|Any CPU
		{13B4A113-EDBC-B72F-620E-AC783A90D184}.Release|x64.Build.0 = Release|Any CPU
		{13B4A113-EDBC-B72F-620E-AC783A90D184}.Release|x86.ActiveCfg = Release|Any CPU
		{13B4A113-EDBC-B72F-620E-AC783A90D184}.Release|x86.Build.0 = Release|Any CPU
		{11EB72B9-3999-E746-6AB5-FCDB94231F10}.Debug|Any CPU.ActiveCfg = Debug|Any CPU
		{11EB72B9-3999-E746-6AB5-FCDB94231F10}.Debug|Any CPU.Build.0 = Debug|Any CPU
		{11EB72B9-3999-E746-6AB5-FCDB94231F10}.Debug|x64.ActiveCfg = Debug|Any CPU
		{11EB72B9-3999-E746-6AB5-FCDB94231F10}.Debug|x64.Build.0 = Debug|Any CPU
		{11EB72B9-3999-E746-6AB5-FCDB94231F10}.Debug|x86.ActiveCfg = Debug|Any CPU
		{11EB72B9-3999-E746-6AB5-FCDB94231F10}.Debug|x86.Build.0 = Debug|Any CPU
		{11EB72B9-3999-E746-6AB5-FCDB94231F10}.Release|Any CPU.ActiveCfg = Release|Any CPU
		{11EB72B9-3999-E746-6AB5-FCDB94231F10}.Release|Any CPU.Build.0 = Release|Any CPU
		{11EB72B9-3999-E746-6AB5-FCDB94231F10}.Release|x64.ActiveCfg = Release|Any CPU
		{11EB72B9-3999-E746-6AB5-FCDB94231F10}.Release|x64.Build.0 = Release|Any CPU
		{11EB72B9-3999-E746-6AB5-FCDB94231F10}.Release|x86.ActiveCfg = Release|Any CPU
		{11EB72B9-3999-E746-6AB5-FCDB94231F10}.Release|x86.Build.0 = Release|Any CPU
		{E853C833-46F9-BD75-619E-FA66027CF6F7}.Debug|Any CPU.ActiveCfg = Debug|Any CPU
		{E853C833-46F9-BD75-619E-FA66027CF6F7}.Debug|Any CPU.Build.0 = Debug|Any CPU
		{E853C833-46F9-BD75-619E-FA66027CF6F7}.Debug|x64.ActiveCfg = Debug|Any CPU
		{E853C833-46F9-BD75-619E-FA66027CF6F7}.Debug|x64.Build.0 = Debug|Any CPU
		{E853C833-46F9-BD75-619E-FA66027CF6F7}.Debug|x86.ActiveCfg = Debug|Any CPU
		{E853C833-46F9-BD75-619E-FA66027CF6F7}.Debug|x86.Build.0 = Debug|Any CPU
		{E853C833-46F9-BD75-619E-FA66027CF6F7}.Release|Any CPU.ActiveCfg = Release|Any CPU
		{E853C833-46F9-BD75-619E-FA66027CF6F7}.Release|Any CPU.Build.0 = Release|Any CPU
		{E853C833-46F9-BD75-619E-FA66027CF6F7}.Release|x64.ActiveCfg = Release|Any CPU
		{E853C833-46F9-BD75-619E-FA66027CF6F7}.Release|x64.Build.0 = Release|Any CPU
		{E853C833-46F9-BD75-619E-FA66027CF6F7}.Release|x86.ActiveCfg = Release|Any CPU
		{E853C833-46F9-BD75-619E-FA66027CF6F7}.Release|x86.Build.0 = Release|Any CPU
		{8B158740-FEF4-4475-B0BE-557273CA8754}.Debug|Any CPU.ActiveCfg = Debug|Any CPU
		{8B158740-FEF4-4475-B0BE-557273CA8754}.Debug|Any CPU.Build.0 = Debug|Any CPU
		{8B158740-FEF4-4475-B0BE-557273CA8754}.Debug|x64.ActiveCfg = Debug|Any CPU
		{8B158740-FEF4-4475-B0BE-557273CA8754}.Debug|x64.Build.0 = Debug|Any CPU
		{8B158740-FEF4-4475-B0BE-557273CA8754}.Debug|x86.ActiveCfg = Debug|Any CPU
		{8B158740-FEF4-4475-B0BE-557273CA8754}.Debug|x86.Build.0 = Debug|Any CPU
		{8B158740-FEF4-4475-B0BE-557273CA8754}.Release|Any CPU.ActiveCfg = Release|Any CPU
		{8B158740-FEF4-4475-B0BE-557273CA8754}.Release|Any CPU.Build.0 = Release|Any CPU
		{8B158740-FEF4-4475-B0BE-557273CA8754}.Release|x64.ActiveCfg = Release|Any CPU
		{8B158740-FEF4-4475-B0BE-557273CA8754}.Release|x64.Build.0 = Release|Any CPU
		{8B158740-FEF4-4475-B0BE-557273CA8754}.Release|x86.ActiveCfg = Release|Any CPU
		{8B158740-FEF4-4475-B0BE-557273CA8754}.Release|x86.Build.0 = Release|Any CPU
		{FDCFF933-1A8D-4821-808B-C102507A9CBB}.Debug|Any CPU.ActiveCfg = Debug|x64
		{FDCFF933-1A8D-4821-808B-C102507A9CBB}.Debug|Any CPU.Build.0 = Debug|x64
		{FDCFF933-1A8D-4821-808B-C102507A9CBB}.Debug|x64.ActiveCfg = Debug|x64
		{FDCFF933-1A8D-4821-808B-C102507A9CBB}.Debug|x64.Build.0 = Debug|x64
		{FDCFF933-1A8D-4821-808B-C102507A9CBB}.Debug|x86.ActiveCfg = Debug|x64
		{FDCFF933-1A8D-4821-808B-C102507A9CBB}.Debug|x86.Build.0 = Debug|x64
		{FDCFF933-1A8D-4821-808B-C102507A9CBB}.Release|Any CPU.ActiveCfg = Release|x64
		{FDCFF933-1A8D-4821-808B-C102507A9CBB}.Release|Any CPU.Build.0 = Release|x64
		{FDCFF933-1A8D-4821-808B-C102507A9CBB}.Release|x64.ActiveCfg = Release|x64
		{FDCFF933-1A8D-4821-808B-C102507A9CBB}.Release|x64.Build.0 = Release|x64
		{FDCFF933-1A8D-4821-808B-C102507A9CBB}.Release|x86.ActiveCfg = Release|x64
		{FDCFF933-1A8D-4821-808B-C102507A9CBB}.Release|x86.Build.0 = Release|x64
		{32B7F802-D22D-4D30-8FCC-5C54A0357AC0}.Debug|Any CPU.ActiveCfg = Debug|Any CPU
		{32B7F802-D22D-4D30-8FCC-5C54A0357AC0}.Debug|Any CPU.Build.0 = Debug|Any CPU
		{32B7F802-D22D-4D30-8FCC-5C54A0357AC0}.Debug|x64.ActiveCfg = Debug|Any CPU
		{32B7F802-D22D-4D30-8FCC-5C54A0357AC0}.Debug|x64.Build.0 = Debug|Any CPU
		{32B7F802-D22D-4D30-8FCC-5C54A0357AC0}.Debug|x86.ActiveCfg = Debug|Any CPU
		{32B7F802-D22D-4D30-8FCC-5C54A0357AC0}.Debug|x86.Build.0 = Debug|Any CPU
		{32B7F802-D22D-4D30-8FCC-5C54A0357AC0}.Release|Any CPU.ActiveCfg = Release|Any CPU
		{32B7F802-D22D-4D30-8FCC-5C54A0357AC0}.Release|Any CPU.Build.0 = Release|Any CPU
		{32B7F802-D22D-4D30-8FCC-5C54A0357AC0}.Release|x64.ActiveCfg = Release|Any CPU
		{32B7F802-D22D-4D30-8FCC-5C54A0357AC0}.Release|x64.Build.0 = Release|Any CPU
		{32B7F802-D22D-4D30-8FCC-5C54A0357AC0}.Release|x86.ActiveCfg = Release|Any CPU
		{32B7F802-D22D-4D30-8FCC-5C54A0357AC0}.Release|x86.Build.0 = Release|Any CPU
		{1954C6C4-21AA-4E4C-94C2-9C43ECE6F38E}.Debug|Any CPU.ActiveCfg = Debug|Any CPU
		{1954C6C4-21AA-4E4C-94C2-9C43ECE6F38E}.Debug|Any CPU.Build.0 = Debug|Any CPU
		{1954C6C4-21AA-4E4C-94C2-9C43ECE6F38E}.Debug|x64.ActiveCfg = Debug|Any CPU
		{1954C6C4-21AA-4E4C-94C2-9C43ECE6F38E}.Debug|x64.Build.0 = Debug|Any CPU
		{1954C6C4-21AA-4E4C-94C2-9C43ECE6F38E}.Debug|x86.ActiveCfg = Debug|Any CPU
		{1954C6C4-21AA-4E4C-94C2-9C43ECE6F38E}.Debug|x86.Build.0 = Debug|Any CPU
		{1954C6C4-21AA-4E4C-94C2-9C43ECE6F38E}.Release|Any CPU.ActiveCfg = Release|Any CPU
		{1954C6C4-21AA-4E4C-94C2-9C43ECE6F38E}.Release|Any CPU.Build.0 = Release|Any CPU
		{1954C6C4-21AA-4E4C-94C2-9C43ECE6F38E}.Release|x64.ActiveCfg = Release|Any CPU
		{1954C6C4-21AA-4E4C-94C2-9C43ECE6F38E}.Release|x64.Build.0 = Release|Any CPU
		{1954C6C4-21AA-4E4C-94C2-9C43ECE6F38E}.Release|x86.ActiveCfg = Release|Any CPU
		{1954C6C4-21AA-4E4C-94C2-9C43ECE6F38E}.Release|x86.Build.0 = Release|Any CPU
		{1B398AE6-EC01-4D9B-A3F9-B36AEBF15004}.Debug|Any CPU.ActiveCfg = Debug|x64
		{1B398AE6-EC01-4D9B-A3F9-B36AEBF15004}.Debug|Any CPU.Build.0 = Debug|x64
		{1B398AE6-EC01-4D9B-A3F9-B36AEBF15004}.Debug|x64.ActiveCfg = Debug|x64
		{1B398AE6-EC01-4D9B-A3F9-B36AEBF15004}.Debug|x64.Build.0 = Debug|x64
		{1B398AE6-EC01-4D9B-A3F9-B36AEBF15004}.Debug|x86.ActiveCfg = Debug|x64
		{1B398AE6-EC01-4D9B-A3F9-B36AEBF15004}.Debug|x86.Build.0 = Debug|x64
		{1B398AE6-EC01-4D9B-A3F9-B36AEBF15004}.Release|Any CPU.ActiveCfg = Release|x64
		{1B398AE6-EC01-4D9B-A3F9-B36AEBF15004}.Release|Any CPU.Build.0 = Release|x64
		{1B398AE6-EC01-4D9B-A3F9-B36AEBF15004}.Release|x64.ActiveCfg = Release|x64
		{1B398AE6-EC01-4D9B-A3F9-B36AEBF15004}.Release|x64.Build.0 = Release|x64
		{1B398AE6-EC01-4D9B-A3F9-B36AEBF15004}.Release|x86.ActiveCfg = Release|x64
		{1B398AE6-EC01-4D9B-A3F9-B36AEBF15004}.Release|x86.Build.0 = Release|x64
		{41E22023-C612-4470-9EDD-694B9E0C1118}.Debug|Any CPU.ActiveCfg = Debug|Any CPU
		{41E22023-C612-4470-9EDD-694B9E0C1118}.Debug|Any CPU.Build.0 = Debug|Any CPU
		{41E22023-C612-4470-9EDD-694B9E0C1118}.Debug|x64.ActiveCfg = Debug|Any CPU
		{41E22023-C612-4470-9EDD-694B9E0C1118}.Debug|x64.Build.0 = Debug|Any CPU
		{41E22023-C612-4470-9EDD-694B9E0C1118}.Debug|x86.ActiveCfg = Debug|Any CPU
		{41E22023-C612-4470-9EDD-694B9E0C1118}.Debug|x86.Build.0 = Debug|Any CPU
		{41E22023-C612-4470-9EDD-694B9E0C1118}.Release|Any CPU.ActiveCfg = Release|Any CPU
		{41E22023-C612-4470-9EDD-694B9E0C1118}.Release|Any CPU.Build.0 = Release|Any CPU
		{41E22023-C612-4470-9EDD-694B9E0C1118}.Release|x64.ActiveCfg = Release|Any CPU
		{41E22023-C612-4470-9EDD-694B9E0C1118}.Release|x64.Build.0 = Release|Any CPU
		{41E22023-C612-4470-9EDD-694B9E0C1118}.Release|x86.ActiveCfg = Release|Any CPU
		{41E22023-C612-4470-9EDD-694B9E0C1118}.Release|x86.Build.0 = Release|Any CPU
		{D36475E8-F2E1-49DC-8E13-660471A3DAA0}.Debug|Any CPU.ActiveCfg = Debug|Any CPU
		{D36475E8-F2E1-49DC-8E13-660471A3DAA0}.Debug|Any CPU.Build.0 = Debug|Any CPU
		{D36475E8-F2E1-49DC-8E13-660471A3DAA0}.Debug|x64.ActiveCfg = Debug|Any CPU
		{D36475E8-F2E1-49DC-8E13-660471A3DAA0}.Debug|x64.Build.0 = Debug|Any CPU
		{D36475E8-F2E1-49DC-8E13-660471A3DAA0}.Debug|x86.ActiveCfg = Debug|Any CPU
		{D36475E8-F2E1-49DC-8E13-660471A3DAA0}.Debug|x86.Build.0 = Debug|Any CPU
		{D36475E8-F2E1-49DC-8E13-660471A3DAA0}.Release|Any CPU.ActiveCfg = Release|Any CPU
		{D36475E8-F2E1-49DC-8E13-660471A3DAA0}.Release|Any CPU.Build.0 = Release|Any CPU
		{D36475E8-F2E1-49DC-8E13-660471A3DAA0}.Release|x64.ActiveCfg = Release|Any CPU
		{D36475E8-F2E1-49DC-8E13-660471A3DAA0}.Release|x64.Build.0 = Release|Any CPU
		{D36475E8-F2E1-49DC-8E13-660471A3DAA0}.Release|x86.ActiveCfg = Release|Any CPU
		{D36475E8-F2E1-49DC-8E13-660471A3DAA0}.Release|x86.Build.0 = Release|Any CPU
		{B7F58731-4634-492D-9C9A-87487E8ABC67}.Debug|Any CPU.ActiveCfg = Debug|Any CPU
		{B7F58731-4634-492D-9C9A-87487E8ABC67}.Debug|Any CPU.Build.0 = Debug|Any CPU
		{B7F58731-4634-492D-9C9A-87487E8ABC67}.Debug|x64.ActiveCfg = Debug|Any CPU
		{B7F58731-4634-492D-9C9A-87487E8ABC67}.Debug|x64.Build.0 = Debug|Any CPU
		{B7F58731-4634-492D-9C9A-87487E8ABC67}.Debug|x86.ActiveCfg = Debug|Any CPU
		{B7F58731-4634-492D-9C9A-87487E8ABC67}.Debug|x86.Build.0 = Debug|Any CPU
		{B7F58731-4634-492D-9C9A-87487E8ABC67}.Release|Any CPU.ActiveCfg = Release|Any CPU
		{B7F58731-4634-492D-9C9A-87487E8ABC67}.Release|Any CPU.Build.0 = Release|Any CPU
		{B7F58731-4634-492D-9C9A-87487E8ABC67}.Release|x64.ActiveCfg = Release|Any CPU
		{B7F58731-4634-492D-9C9A-87487E8ABC67}.Release|x64.Build.0 = Release|Any CPU
		{B7F58731-4634-492D-9C9A-87487E8ABC67}.Release|x86.ActiveCfg = Release|Any CPU
		{B7F58731-4634-492D-9C9A-87487E8ABC67}.Release|x86.Build.0 = Release|Any CPU
		{D7CBCB47-CBD5-D071-C90C-C860806D4C35}.Debug|Any CPU.ActiveCfg = Debug|Any CPU
		{D7CBCB47-CBD5-D071-C90C-C860806D4C35}.Debug|Any CPU.Build.0 = Debug|Any CPU
		{D7CBCB47-CBD5-D071-C90C-C860806D4C35}.Debug|x64.ActiveCfg = Debug|Any CPU
		{D7CBCB47-CBD5-D071-C90C-C860806D4C35}.Debug|x64.Build.0 = Debug|Any CPU
		{D7CBCB47-CBD5-D071-C90C-C860806D4C35}.Debug|x86.ActiveCfg = Debug|Any CPU
		{D7CBCB47-CBD5-D071-C90C-C860806D4C35}.Debug|x86.Build.0 = Debug|Any CPU
		{D7CBCB47-CBD5-D071-C90C-C860806D4C35}.Release|Any CPU.ActiveCfg = Release|Any CPU
		{D7CBCB47-CBD5-D071-C90C-C860806D4C35}.Release|Any CPU.Build.0 = Release|Any CPU
		{D7CBCB47-CBD5-D071-C90C-C860806D4C35}.Release|x64.ActiveCfg = Release|Any CPU
		{D7CBCB47-CBD5-D071-C90C-C860806D4C35}.Release|x64.Build.0 = Release|Any CPU
		{D7CBCB47-CBD5-D071-C90C-C860806D4C35}.Release|x86.ActiveCfg = Release|Any CPU
		{D7CBCB47-CBD5-D071-C90C-C860806D4C35}.Release|x86.Build.0 = Release|Any CPU
		{E38D4324-3F25-874E-C105-A5A505371425}.Debug|Any CPU.ActiveCfg = Debug|Any CPU
		{E38D4324-3F25-874E-C105-A5A505371425}.Debug|Any CPU.Build.0 = Debug|Any CPU
		{E38D4324-3F25-874E-C105-A5A505371425}.Debug|x64.ActiveCfg = Debug|Any CPU
		{E38D4324-3F25-874E-C105-A5A505371425}.Debug|x64.Build.0 = Debug|Any CPU
		{E38D4324-3F25-874E-C105-A5A505371425}.Debug|x86.ActiveCfg = Debug|Any CPU
		{E38D4324-3F25-874E-C105-A5A505371425}.Debug|x86.Build.0 = Debug|Any CPU
		{E38D4324-3F25-874E-C105-A5A505371425}.Release|Any CPU.ActiveCfg = Release|Any CPU
		{E38D4324-3F25-874E-C105-A5A505371425}.Release|Any CPU.Build.0 = Release|Any CPU
		{E38D4324-3F25-874E-C105-A5A505371425}.Release|x64.ActiveCfg = Release|Any CPU
		{E38D4324-3F25-874E-C105-A5A505371425}.Release|x64.Build.0 = Release|Any CPU
		{E38D4324-3F25-874E-C105-A5A505371425}.Release|x86.ActiveCfg = Release|Any CPU
		{E38D4324-3F25-874E-C105-A5A505371425}.Release|x86.Build.0 = Release|Any CPU
		{980DDD8B-AE85-4E0A-B28D-E50DE30DF43A}.Debug|Any CPU.ActiveCfg = Debug|Any CPU
		{980DDD8B-AE85-4E0A-B28D-E50DE30DF43A}.Debug|Any CPU.Build.0 = Debug|Any CPU
		{980DDD8B-AE85-4E0A-B28D-E50DE30DF43A}.Debug|x64.ActiveCfg = Debug|Any CPU
		{980DDD8B-AE85-4E0A-B28D-E50DE30DF43A}.Debug|x64.Build.0 = Debug|Any CPU
		{980DDD8B-AE85-4E0A-B28D-E50DE30DF43A}.Debug|x86.ActiveCfg = Debug|Any CPU
		{980DDD8B-AE85-4E0A-B28D-E50DE30DF43A}.Debug|x86.Build.0 = Debug|Any CPU
		{980DDD8B-AE85-4E0A-B28D-E50DE30DF43A}.Release|Any CPU.ActiveCfg = Release|Any CPU
		{980DDD8B-AE85-4E0A-B28D-E50DE30DF43A}.Release|Any CPU.Build.0 = Release|Any CPU
		{980DDD8B-AE85-4E0A-B28D-E50DE30DF43A}.Release|x64.ActiveCfg = Release|Any CPU
		{980DDD8B-AE85-4E0A-B28D-E50DE30DF43A}.Release|x64.Build.0 = Release|Any CPU
		{980DDD8B-AE85-4E0A-B28D-E50DE30DF43A}.Release|x86.ActiveCfg = Release|Any CPU
		{980DDD8B-AE85-4E0A-B28D-E50DE30DF43A}.Release|x86.Build.0 = Release|Any CPU
		{3DB9F3F6-C9B3-41B7-8EC5-1B183DE2FAC2}.Debug|Any CPU.ActiveCfg = Debug|Any CPU
		{3DB9F3F6-C9B3-41B7-8EC5-1B183DE2FAC2}.Debug|Any CPU.Build.0 = Debug|Any CPU
		{3DB9F3F6-C9B3-41B7-8EC5-1B183DE2FAC2}.Debug|x64.ActiveCfg = Debug|x64
		{3DB9F3F6-C9B3-41B7-8EC5-1B183DE2FAC2}.Debug|x64.Build.0 = Debug|x64
		{3DB9F3F6-C9B3-41B7-8EC5-1B183DE2FAC2}.Debug|x86.ActiveCfg = Debug|Any CPU
		{3DB9F3F6-C9B3-41B7-8EC5-1B183DE2FAC2}.Debug|x86.Build.0 = Debug|Any CPU
		{3DB9F3F6-C9B3-41B7-8EC5-1B183DE2FAC2}.Release|Any CPU.ActiveCfg = Release|Any CPU
		{3DB9F3F6-C9B3-41B7-8EC5-1B183DE2FAC2}.Release|Any CPU.Build.0 = Release|Any CPU
		{3DB9F3F6-C9B3-41B7-8EC5-1B183DE2FAC2}.Release|x64.ActiveCfg = Release|x64
		{3DB9F3F6-C9B3-41B7-8EC5-1B183DE2FAC2}.Release|x64.Build.0 = Release|x64
		{3DB9F3F6-C9B3-41B7-8EC5-1B183DE2FAC2}.Release|x86.ActiveCfg = Release|Any CPU
		{3DB9F3F6-C9B3-41B7-8EC5-1B183DE2FAC2}.Release|x86.Build.0 = Release|Any CPU
		{0B38749A-F937-4F97-8A3E-6C7AD4EFB181}.Debug|Any CPU.ActiveCfg = Debug|Any CPU
		{0B38749A-F937-4F97-8A3E-6C7AD4EFB181}.Debug|Any CPU.Build.0 = Debug|Any CPU
		{0B38749A-F937-4F97-8A3E-6C7AD4EFB181}.Debug|x64.ActiveCfg = Debug|Any CPU
		{0B38749A-F937-4F97-8A3E-6C7AD4EFB181}.Debug|x64.Build.0 = Debug|Any CPU
		{0B38749A-F937-4F97-8A3E-6C7AD4EFB181}.Debug|x86.ActiveCfg = Debug|Any CPU
		{0B38749A-F937-4F97-8A3E-6C7AD4EFB181}.Debug|x86.Build.0 = Debug|Any CPU
		{0B38749A-F937-4F97-8A3E-6C7AD4EFB181}.Release|Any CPU.ActiveCfg = Release|Any CPU
		{0B38749A-F937-4F97-8A3E-6C7AD4EFB181}.Release|Any CPU.Build.0 = Release|Any CPU
		{0B38749A-F937-4F97-8A3E-6C7AD4EFB181}.Release|x64.ActiveCfg = Release|Any CPU
		{0B38749A-F937-4F97-8A3E-6C7AD4EFB181}.Release|x64.Build.0 = Release|Any CPU
		{0B38749A-F937-4F97-8A3E-6C7AD4EFB181}.Release|x86.ActiveCfg = Release|Any CPU
		{0B38749A-F937-4F97-8A3E-6C7AD4EFB181}.Release|x86.Build.0 = Release|Any CPU
		{51AFFB2D-3331-43F2-AE77-0CA28EFDB2EC}.Debug|Any CPU.ActiveCfg = Debug|x64
		{51AFFB2D-3331-43F2-AE77-0CA28EFDB2EC}.Debug|Any CPU.Build.0 = Debug|x64
		{51AFFB2D-3331-43F2-AE77-0CA28EFDB2EC}.Debug|x64.ActiveCfg = Debug|x64
		{51AFFB2D-3331-43F2-AE77-0CA28EFDB2EC}.Debug|x64.Build.0 = Debug|x64
		{51AFFB2D-3331-43F2-AE77-0CA28EFDB2EC}.Debug|x86.ActiveCfg = Debug|x64
		{51AFFB2D-3331-43F2-AE77-0CA28EFDB2EC}.Debug|x86.Build.0 = Debug|x64
		{51AFFB2D-3331-43F2-AE77-0CA28EFDB2EC}.Release|Any CPU.ActiveCfg = Release|x64
		{51AFFB2D-3331-43F2-AE77-0CA28EFDB2EC}.Release|Any CPU.Build.0 = Release|x64
		{51AFFB2D-3331-43F2-AE77-0CA28EFDB2EC}.Release|x64.ActiveCfg = Release|x64
		{51AFFB2D-3331-43F2-AE77-0CA28EFDB2EC}.Release|x64.Build.0 = Release|x64
		{51AFFB2D-3331-43F2-AE77-0CA28EFDB2EC}.Release|x86.ActiveCfg = Release|x64
		{51AFFB2D-3331-43F2-AE77-0CA28EFDB2EC}.Release|x86.Build.0 = Release|x64
		{EB2D7A0D-19BE-44CA-B165-7E3769518E2E}.Debug|Any CPU.ActiveCfg = Debug|Any CPU
		{EB2D7A0D-19BE-44CA-B165-7E3769518E2E}.Debug|Any CPU.Build.0 = Debug|Any CPU
		{EB2D7A0D-19BE-44CA-B165-7E3769518E2E}.Debug|x64.ActiveCfg = Debug|Any CPU
		{EB2D7A0D-19BE-44CA-B165-7E3769518E2E}.Debug|x64.Build.0 = Debug|Any CPU
		{EB2D7A0D-19BE-44CA-B165-7E3769518E2E}.Debug|x86.ActiveCfg = Debug|Any CPU
		{EB2D7A0D-19BE-44CA-B165-7E3769518E2E}.Debug|x86.Build.0 = Debug|Any CPU
		{EB2D7A0D-19BE-44CA-B165-7E3769518E2E}.Release|Any CPU.ActiveCfg = Release|Any CPU
		{EB2D7A0D-19BE-44CA-B165-7E3769518E2E}.Release|Any CPU.Build.0 = Release|Any CPU
		{EB2D7A0D-19BE-44CA-B165-7E3769518E2E}.Release|x64.ActiveCfg = Release|Any CPU
		{EB2D7A0D-19BE-44CA-B165-7E3769518E2E}.Release|x64.Build.0 = Release|Any CPU
		{EB2D7A0D-19BE-44CA-B165-7E3769518E2E}.Release|x86.ActiveCfg = Release|Any CPU
		{EB2D7A0D-19BE-44CA-B165-7E3769518E2E}.Release|x86.Build.0 = Release|Any CPU
		{2299CF47-0ED2-4086-B19B-0DB99774DC1E}.Debug|Any CPU.ActiveCfg = Debug|Any CPU
		{2299CF47-0ED2-4086-B19B-0DB99774DC1E}.Debug|Any CPU.Build.0 = Debug|Any CPU
		{2299CF47-0ED2-4086-B19B-0DB99774DC1E}.Debug|x64.ActiveCfg = Debug|Any CPU
		{2299CF47-0ED2-4086-B19B-0DB99774DC1E}.Debug|x64.Build.0 = Debug|Any CPU
		{2299CF47-0ED2-4086-B19B-0DB99774DC1E}.Debug|x86.ActiveCfg = Debug|Any CPU
		{2299CF47-0ED2-4086-B19B-0DB99774DC1E}.Debug|x86.Build.0 = Debug|Any CPU
		{2299CF47-0ED2-4086-B19B-0DB99774DC1E}.Release|Any CPU.ActiveCfg = Release|Any CPU
		{2299CF47-0ED2-4086-B19B-0DB99774DC1E}.Release|Any CPU.Build.0 = Release|Any CPU
		{2299CF47-0ED2-4086-B19B-0DB99774DC1E}.Release|x64.ActiveCfg = Release|Any CPU
		{2299CF47-0ED2-4086-B19B-0DB99774DC1E}.Release|x64.Build.0 = Release|Any CPU
		{2299CF47-0ED2-4086-B19B-0DB99774DC1E}.Release|x86.ActiveCfg = Release|Any CPU
		{2299CF47-0ED2-4086-B19B-0DB99774DC1E}.Release|x86.Build.0 = Release|Any CPU
		{DC6606D7-4D84-42FC-B474-C440D037E0B1}.Debug|Any CPU.ActiveCfg = Debug|Any CPU
		{DC6606D7-4D84-42FC-B474-C440D037E0B1}.Debug|Any CPU.Build.0 = Debug|Any CPU
		{DC6606D7-4D84-42FC-B474-C440D037E0B1}.Debug|x64.ActiveCfg = Debug|Any CPU
		{DC6606D7-4D84-42FC-B474-C440D037E0B1}.Debug|x64.Build.0 = Debug|Any CPU
		{DC6606D7-4D84-42FC-B474-C440D037E0B1}.Debug|x86.ActiveCfg = Debug|Any CPU
		{DC6606D7-4D84-42FC-B474-C440D037E0B1}.Debug|x86.Build.0 = Debug|Any CPU
		{DC6606D7-4D84-42FC-B474-C440D037E0B1}.Release|Any CPU.ActiveCfg = Release|Any CPU
		{DC6606D7-4D84-42FC-B474-C440D037E0B1}.Release|Any CPU.Build.0 = Release|Any CPU
		{DC6606D7-4D84-42FC-B474-C440D037E0B1}.Release|x64.ActiveCfg = Release|Any CPU
		{DC6606D7-4D84-42FC-B474-C440D037E0B1}.Release|x64.Build.0 = Release|Any CPU
		{DC6606D7-4D84-42FC-B474-C440D037E0B1}.Release|x86.ActiveCfg = Release|Any CPU
		{DC6606D7-4D84-42FC-B474-C440D037E0B1}.Release|x86.Build.0 = Release|Any CPU
	EndGlobalSection
	GlobalSection(SolutionProperties) = preSolution
		HideSolutionNode = FALSE
	EndGlobalSection
	GlobalSection(NestedProjects) = preSolution
		{E853C833-46F9-BD75-619E-FA66027CF6F7} = {3EAC4A48-0970-4850-81DD-D331F357F78D}
		{8B158740-FEF4-4475-B0BE-557273CA8754} = {3EAC4A48-0970-4850-81DD-D331F357F78D}
		{1B398AE6-EC01-4D9B-A3F9-B36AEBF15004} = {3EAC4A48-0970-4850-81DD-D331F357F78D}
		{41E22023-C612-4470-9EDD-694B9E0C1118} = {3EAC4A48-0970-4850-81DD-D331F357F78D}
		{B7F58731-4634-492D-9C9A-87487E8ABC67} = {3EAC4A48-0970-4850-81DD-D331F357F78D}
		{D7CBCB47-CBD5-D071-C90C-C860806D4C35} = {62088B71-64E1-468A-856D-DB2DE665A90D}
		{E38D4324-3F25-874E-C105-A5A505371425} = {62088B71-64E1-468A-856D-DB2DE665A90D}
		{980DDD8B-AE85-4E0A-B28D-E50DE30DF43A} = {62088B71-64E1-468A-856D-DB2DE665A90D}
		{0B38749A-F937-4F97-8A3E-6C7AD4EFB181} = {3EAC4A48-0970-4850-81DD-D331F357F78D}
		{51AFFB2D-3331-43F2-AE77-0CA28EFDB2EC} = {3EAC4A48-0970-4850-81DD-D331F357F78D}
	EndGlobalSection
	GlobalSection(ExtensibilityGlobals) = postSolution
		SolutionGuid = {16453851-5667-43F9-B443-8199C0A274A0}
	EndGlobalSection
EndGlobal
